
Microsoft Visual Studio Solution File, Format Version 12.00
# Visual Studio Version 16
VisualStudioVersion = 16.0.30225.117
MinimumVisualStudioVersion = 10.0.40219.1
Project("{FAE04EC0-301F-11D3-BF4B-00C04F79EFBC}") = "NumberGuesser", "NumberGuesser.csproj", "{9F266FF8-C38C-487A-9BD0-AEA109CA1C49}"
EndProject
Global
	GlobalSection(SolutionConfigurationPlatforms) = preSolution
		Debug|Any CPU = Debug|Any CPU
		Release|Any CPU = Release|Any CPU
	EndGlobalSection
	GlobalSection(ProjectConfigurationPlatforms) = postSolution
		{9F266FF8-C38C-487A-9BD0-AEA109CA1C49}.Debug|Any CPU.ActiveCfg = Debug|Any CPU
		{9F266FF8-C38C-487A-9BD0-AEA109CA1C49}.Debug|Any CPU.Build.0 = Debug|Any CPU
		{9F266FF8-C38C-487A-9BD0-AEA109CA1C49}.Release|Any CPU.ActiveCfg = Release|Any CPU
		{9F266FF8-C38C-487A-9BD0-AEA109CA1C49}.Release|Any CPU.Build.0 = Release|Any CPU
	EndGlobalSection
	GlobalSection(SolutionProperties) = preSolution
		HideSolutionNode = FALSE
	EndGlobalSection
	GlobalSection(ExtensibilityGlobals) = postSolution
		SolutionGuid = {667789A6-F6C8-4760-B913-421DE3EF2839}
	EndGlobalSection
EndGlobal
